
Microsoft Visual Studio Solution File, Format Version 12.00
# Visual Studio 14
VisualStudioVersion = 14.0.25420.1
MinimumVisualStudioVersion = 10.0.40219.1
Project("{2150E333-8FDC-42A3-9474-1A3956D46DE8}") = "000-Basico", "000-Basico", "{16C6F33B-FC18-45CD-84DF-31A53785836E}"
EndProject
Project("{2150E333-8FDC-42A3-9474-1A3956D46DE8}") = "100-Intermedio", "100-Intermedio", "{69568214-FE07-4E50-903D-858176D06E2C}"
EndProject
Project("{2150E333-8FDC-42A3-9474-1A3956D46DE8}") = "200-Avanzado", "200-Avanzado", "{95161BDD-055C-4829-AE19-4DA74BF39E46}"
EndProject
Project("{8BB2217D-0F2D-49D1-97BC-3654ED321F3B}") = "CS001_HolaMundo", "CS001_HolaMundo\CS001_HolaMundo.xproj", "{0E986695-6C8D-43F5-93E5-22FF6B12B47C}"
EndProject
Project("{8BB2217D-0F2D-49D1-97BC-3654ED321F3B}") = "CS002_TiposDeDatos", "CS002_TiposDeDatos\CS002_TiposDeDatos.xproj", "{5D554ADB-960E-48FF-8BD2-88F3B0FDA3F0}"
EndProject
Project("{8BB2217D-0F2D-49D1-97BC-3654ED321F3B}") = "CS003_TiposValor", "CS003_TiposValor\CS003_TiposValor.xproj", "{5639A421-4C7C-4204-85BB-DBA20F20BC9E}"
EndProject
Project("{8BB2217D-0F2D-49D1-97BC-3654ED321F3B}") = "CS004_TiposReferencia", "CS004_TiposReferencia\CS004_TiposReferencia.xproj", "{201B3AD4-9F2A-4B68-A535-B771EC31FD8C}"
EndProject
Project("{8BB2217D-0F2D-49D1-97BC-3654ED321F3B}") = "CS005_ConversionesDeTipo", "CS005_ConversionesDeTipo\CS005_ConversionesDeTipo.xproj", "{7C21CB92-BA24-448D-A7F0-23F85EC2709A}"
EndProject
Project("{8BB2217D-0F2D-49D1-97BC-3654ED321F3B}") = "CS006_Expresiones", "CS006_Expresiones\CS006_Expresiones.xproj", "{A41E06F8-20D8-4FE2-8F7E-9E59B2FE3DE4}"
EndProject
Project("{8BB2217D-0F2D-49D1-97BC-3654ED321F3B}") = "CS007_EstructurasDeControl", "CS007_EstructurasDeControl\CS007_EstructurasDeControl.xproj", "{FB6FBF54-D7A8-417F-A1D0-0A611B80292C}"
EndProject
Project("{8BB2217D-0F2D-49D1-97BC-3654ED321F3B}") = "CS008_EstructurasRepetitivas", "CS008_EstructurasRepetitivas\CS008_EstructurasRepetitivas.xproj", "{64247240-70A6-41AE-8FBD-72D496A6C156}"
EndProject
Project("{8BB2217D-0F2D-49D1-97BC-3654ED321F3B}") = "CS009_FormatoCadenas", "CS009_FormatoCadenas\CS009_FormatoCadenas.xproj", "{348944FE-5FA0-4B82-AFA1-3D8E76BE2A04}"
EndProject
Project("{8BB2217D-0F2D-49D1-97BC-3654ED321F3B}") = "CS010_Arrays", "CS010_Arrays\CS010_Arrays.xproj", "{03FC124F-EC09-4D8C-8E2E-561E47B851E3}"
EndProject
Project("{8BB2217D-0F2D-49D1-97BC-3654ED321F3B}") = "CS201_Debug", "CS201_Debug\CS201_Debug.xproj", "{879B1E29-F4B5-425F-B975-3B89A385F616}"
EndProject
Project("{8BB2217D-0F2D-49D1-97BC-3654ED321F3B}") = "CS101_Estructuras", "CS101_Estructuras\CS101_Estructuras.xproj", "{BAE06E62-A313-4AF1-AB99-723B51183F2F}"
EndProject
Project("{8BB2217D-0F2D-49D1-97BC-3654ED321F3B}") = "CS102_Enumeraciones", "CS102_Enumeraciones\CS102_Enumeraciones.xproj", "{3DFE5A94-0A18-402E-A7E5-020EBBF9DE94}"
EndProject
Project("{8BB2217D-0F2D-49D1-97BC-3654ED321F3B}") = "CS103_Excepciones", "CS103_Excepciones\CS103_Excepciones.xproj", "{81D2EAFE-09A8-4819-BECD-2A7540FB7D07}"
EndProject
Project("{8BB2217D-0F2D-49D1-97BC-3654ED321F3B}") = "CS104_ArchivosDeTexto", "CS104_ArchivosDeTexto\CS104_ArchivosDeTexto.xproj", "{C25AD831-5D9D-405A-BE2F-F3CC979C5BA9}"
EndProject
Project("{8BB2217D-0F2D-49D1-97BC-3654ED321F3B}") = "CS105_ListDirEntry", "CS105_ListDirEntry\CS105_ListDirEntry.xproj", "{B9130D99-3C33-405D-A5BF-99CC77A95F44}"
EndProject
Project("{8BB2217D-0F2D-49D1-97BC-3654ED321F3B}") = "CS106_Colecciones", "CS106_Colecciones\CS106_Colecciones.xproj", "{7FD6413F-82D6-43AE-9FE6-6E0F51366B4B}"
EndProject
Project("{8BB2217D-0F2D-49D1-97BC-3654ED321F3B}") = "CS107_BD_MSSQL", "CS107_BD_MSSQL\CS107_BD_MSSQL.xproj", "{C60FC532-3E17-4FCA-9113-CA63E562D4A1}"
EndProject
Project("{8BB2217D-0F2D-49D1-97BC-3654ED321F3B}") = "CS108_BD_MYSQL", "CS108_BD_MYSQL\CS108_BD_MYSQL.xproj", "{DD692DBF-8868-4CE4-82E3-F2A8317A3F6D}"
EndProject
Project("{8BB2217D-0F2D-49D1-97BC-3654ED321F3B}") = "CS109_BD_PS", "CS109_BD_PS\CS109_BD_PS.xproj", "{77117628-CC1C-46EE-B4DD-3FA1C5D53709}"
EndProject
Project("{8BB2217D-0F2D-49D1-97BC-3654ED321F3B}") = "CS110_BD_SQLITE", "CS110_BD_SQLITE\CS110_BD_SQLITE.xproj", "{77F6985A-A3CE-4B41-9D38-7AE52DF286A3}"
EndProject
Global
	GlobalSection(SolutionConfigurationPlatforms) = preSolution
		Debug|Any CPU = Debug|Any CPU
		Release|Any CPU = Release|Any CPU
	EndGlobalSection
	GlobalSection(ProjectConfigurationPlatforms) = postSolution
		{0E986695-6C8D-43F5-93E5-22FF6B12B47C}.Debug|Any CPU.ActiveCfg = Debug|Any CPU
		{0E986695-6C8D-43F5-93E5-22FF6B12B47C}.Debug|Any CPU.Build.0 = Debug|Any CPU
		{0E986695-6C8D-43F5-93E5-22FF6B12B47C}.Release|Any CPU.ActiveCfg = Release|Any CPU
		{0E986695-6C8D-43F5-93E5-22FF6B12B47C}.Release|Any CPU.Build.0 = Release|Any CPU
		{5D554ADB-960E-48FF-8BD2-88F3B0FDA3F0}.Debug|Any CPU.ActiveCfg = Debug|Any CPU
		{5D554ADB-960E-48FF-8BD2-88F3B0FDA3F0}.Debug|Any CPU.Build.0 = Debug|Any CPU
		{5D554ADB-960E-48FF-8BD2-88F3B0FDA3F0}.Release|Any CPU.ActiveCfg = Release|Any CPU
		{5D554ADB-960E-48FF-8BD2-88F3B0FDA3F0}.Release|Any CPU.Build.0 = Release|Any CPU
		{5639A421-4C7C-4204-85BB-DBA20F20BC9E}.Debug|Any CPU.ActiveCfg = Debug|Any CPU
		{5639A421-4C7C-4204-85BB-DBA20F20BC9E}.Debug|Any CPU.Build.0 = Debug|Any CPU
		{5639A421-4C7C-4204-85BB-DBA20F20BC9E}.Release|Any CPU.ActiveCfg = Release|Any CPU
		{5639A421-4C7C-4204-85BB-DBA20F20BC9E}.Release|Any CPU.Build.0 = Release|Any CPU
		{201B3AD4-9F2A-4B68-A535-B771EC31FD8C}.Debug|Any CPU.ActiveCfg = Debug|Any CPU
		{201B3AD4-9F2A-4B68-A535-B771EC31FD8C}.Debug|Any CPU.Build.0 = Debug|Any CPU
		{201B3AD4-9F2A-4B68-A535-B771EC31FD8C}.Release|Any CPU.ActiveCfg = Release|Any CPU
		{201B3AD4-9F2A-4B68-A535-B771EC31FD8C}.Release|Any CPU.Build.0 = Release|Any CPU
		{7C21CB92-BA24-448D-A7F0-23F85EC2709A}.Debug|Any CPU.ActiveCfg = Debug|Any CPU
		{7C21CB92-BA24-448D-A7F0-23F85EC2709A}.Debug|Any CPU.Build.0 = Debug|Any CPU
		{7C21CB92-BA24-448D-A7F0-23F85EC2709A}.Release|Any CPU.ActiveCfg = Release|Any CPU
		{7C21CB92-BA24-448D-A7F0-23F85EC2709A}.Release|Any CPU.Build.0 = Release|Any CPU
		{A41E06F8-20D8-4FE2-8F7E-9E59B2FE3DE4}.Debug|Any CPU.ActiveCfg = Debug|Any CPU
		{A41E06F8-20D8-4FE2-8F7E-9E59B2FE3DE4}.Debug|Any CPU.Build.0 = Debug|Any CPU
		{A41E06F8-20D8-4FE2-8F7E-9E59B2FE3DE4}.Release|Any CPU.ActiveCfg = Release|Any CPU
		{A41E06F8-20D8-4FE2-8F7E-9E59B2FE3DE4}.Release|Any CPU.Build.0 = Release|Any CPU
		{FB6FBF54-D7A8-417F-A1D0-0A611B80292C}.Debug|Any CPU.ActiveCfg = Debug|Any CPU
		{FB6FBF54-D7A8-417F-A1D0-0A611B80292C}.Debug|Any CPU.Build.0 = Debug|Any CPU
		{FB6FBF54-D7A8-417F-A1D0-0A611B80292C}.Release|Any CPU.ActiveCfg = Release|Any CPU
		{FB6FBF54-D7A8-417F-A1D0-0A611B80292C}.Release|Any CPU.Build.0 = Release|Any CPU
		{64247240-70A6-41AE-8FBD-72D496A6C156}.Debug|Any CPU.ActiveCfg = Debug|Any CPU
		{64247240-70A6-41AE-8FBD-72D496A6C156}.Debug|Any CPU.Build.0 = Debug|Any CPU
		{64247240-70A6-41AE-8FBD-72D496A6C156}.Release|Any CPU.ActiveCfg = Release|Any CPU
		{64247240-70A6-41AE-8FBD-72D496A6C156}.Release|Any CPU.Build.0 = Release|Any CPU
		{348944FE-5FA0-4B82-AFA1-3D8E76BE2A04}.Debug|Any CPU.ActiveCfg = Debug|Any CPU
		{348944FE-5FA0-4B82-AFA1-3D8E76BE2A04}.Debug|Any CPU.Build.0 = Debug|Any CPU
		{348944FE-5FA0-4B82-AFA1-3D8E76BE2A04}.Release|Any CPU.ActiveCfg = Release|Any CPU
		{348944FE-5FA0-4B82-AFA1-3D8E76BE2A04}.Release|Any CPU.Build.0 = Release|Any CPU
		{03FC124F-EC09-4D8C-8E2E-561E47B851E3}.Debug|Any CPU.ActiveCfg = Debug|Any CPU
		{03FC124F-EC09-4D8C-8E2E-561E47B851E3}.Debug|Any CPU.Build.0 = Debug|Any CPU
		{03FC124F-EC09-4D8C-8E2E-561E47B851E3}.Release|Any CPU.ActiveCfg = Release|Any CPU
		{03FC124F-EC09-4D8C-8E2E-561E47B851E3}.Release|Any CPU.Build.0 = Release|Any CPU
		{879B1E29-F4B5-425F-B975-3B89A385F616}.Debug|Any CPU.ActiveCfg = Debug|Any CPU
		{879B1E29-F4B5-425F-B975-3B89A385F616}.Debug|Any CPU.Build.0 = Debug|Any CPU
		{879B1E29-F4B5-425F-B975-3B89A385F616}.Release|Any CPU.ActiveCfg = Release|Any CPU
		{879B1E29-F4B5-425F-B975-3B89A385F616}.Release|Any CPU.Build.0 = Release|Any CPU
		{BAE06E62-A313-4AF1-AB99-723B51183F2F}.Debug|Any CPU.ActiveCfg = Debug|Any CPU
		{BAE06E62-A313-4AF1-AB99-723B51183F2F}.Debug|Any CPU.Build.0 = Debug|Any CPU
		{BAE06E62-A313-4AF1-AB99-723B51183F2F}.Release|Any CPU.ActiveCfg = Release|Any CPU
		{BAE06E62-A313-4AF1-AB99-723B51183F2F}.Release|Any CPU.Build.0 = Release|Any CPU
		{3DFE5A94-0A18-402E-A7E5-020EBBF9DE94}.Debug|Any CPU.ActiveCfg = Debug|Any CPU
		{3DFE5A94-0A18-402E-A7E5-020EBBF9DE94}.Debug|Any CPU.Build.0 = Debug|Any CPU
		{3DFE5A94-0A18-402E-A7E5-020EBBF9DE94}.Release|Any CPU.ActiveCfg = Release|Any CPU
		{3DFE5A94-0A18-402E-A7E5-020EBBF9DE94}.Release|Any CPU.Build.0 = Release|Any CPU
		{81D2EAFE-09A8-4819-BECD-2A7540FB7D07}.Debug|Any CPU.ActiveCfg = Debug|Any CPU
		{81D2EAFE-09A8-4819-BECD-2A7540FB7D07}.Debug|Any CPU.Build.0 = Debug|Any CPU
		{81D2EAFE-09A8-4819-BECD-2A7540FB7D07}.Release|Any CPU.ActiveCfg = Release|Any CPU
		{81D2EAFE-09A8-4819-BECD-2A7540FB7D07}.Release|Any CPU.Build.0 = Release|Any CPU
		{C25AD831-5D9D-405A-BE2F-F3CC979C5BA9}.Debug|Any CPU.ActiveCfg = Debug|Any CPU
		{C25AD831-5D9D-405A-BE2F-F3CC979C5BA9}.Debug|Any CPU.Build.0 = Debug|Any CPU
		{C25AD831-5D9D-405A-BE2F-F3CC979C5BA9}.Release|Any CPU.ActiveCfg = Release|Any CPU
		{C25AD831-5D9D-405A-BE2F-F3CC979C5BA9}.Release|Any CPU.Build.0 = Release|Any CPU
		{B9130D99-3C33-405D-A5BF-99CC77A95F44}.Debug|Any CPU.ActiveCfg = Debug|Any CPU
		{B9130D99-3C33-405D-A5BF-99CC77A95F44}.Debug|Any CPU.Build.0 = Debug|Any CPU
		{B9130D99-3C33-405D-A5BF-99CC77A95F44}.Release|Any CPU.ActiveCfg = Release|Any CPU
		{B9130D99-3C33-405D-A5BF-99CC77A95F44}.Release|Any CPU.Build.0 = Release|Any CPU
		{7FD6413F-82D6-43AE-9FE6-6E0F51366B4B}.Debug|Any CPU.ActiveCfg = Debug|Any CPU
		{7FD6413F-82D6-43AE-9FE6-6E0F51366B4B}.Debug|Any CPU.Build.0 = Debug|Any CPU
		{7FD6413F-82D6-43AE-9FE6-6E0F51366B4B}.Release|Any CPU.ActiveCfg = Release|Any CPU
		{7FD6413F-82D6-43AE-9FE6-6E0F51366B4B}.Release|Any CPU.Build.0 = Release|Any CPU
		{C60FC532-3E17-4FCA-9113-CA63E562D4A1}.Debug|Any CPU.ActiveCfg = Debug|Any CPU
		{C60FC532-3E17-4FCA-9113-CA63E562D4A1}.Debug|Any CPU.Build.0 = Debug|Any CPU
		{C60FC532-3E17-4FCA-9113-CA63E562D4A1}.Release|Any CPU.ActiveCfg = Release|Any CPU
		{C60FC532-3E17-4FCA-9113-CA63E562D4A1}.Release|Any CPU.Build.0 = Release|Any CPU
		{DD692DBF-8868-4CE4-82E3-F2A8317A3F6D}.Debug|Any CPU.ActiveCfg = Debug|Any CPU
		{DD692DBF-8868-4CE4-82E3-F2A8317A3F6D}.Debug|Any CPU.Build.0 = Debug|Any CPU
		{DD692DBF-8868-4CE4-82E3-F2A8317A3F6D}.Release|Any CPU.ActiveCfg = Release|Any CPU
		{DD692DBF-8868-4CE4-82E3-F2A8317A3F6D}.Release|Any CPU.Build.0 = Release|Any CPU
		{77117628-CC1C-46EE-B4DD-3FA1C5D53709}.Debug|Any CPU.ActiveCfg = Debug|Any CPU
		{77117628-CC1C-46EE-B4DD-3FA1C5D53709}.Debug|Any CPU.Build.0 = Debug|Any CPU
		{77117628-CC1C-46EE-B4DD-3FA1C5D53709}.Release|Any CPU.ActiveCfg = Release|Any CPU
		{77117628-CC1C-46EE-B4DD-3FA1C5D53709}.Release|Any CPU.Build.0 = Release|Any CPU
		{77F6985A-A3CE-4B41-9D38-7AE52DF286A3}.Debug|Any CPU.ActiveCfg = Debug|Any CPU
		{77F6985A-A3CE-4B41-9D38-7AE52DF286A3}.Debug|Any CPU.Build.0 = Debug|Any CPU
		{77F6985A-A3CE-4B41-9D38-7AE52DF286A3}.Release|Any CPU.ActiveCfg = Release|Any CPU
		{77F6985A-A3CE-4B41-9D38-7AE52DF286A3}.Release|Any CPU.Build.0 = Release|Any CPU
	EndGlobalSection
	GlobalSection(SolutionProperties) = preSolution
		HideSolutionNode = FALSE
	EndGlobalSection
	GlobalSection(NestedProjects) = preSolution
		{0E986695-6C8D-43F5-93E5-22FF6B12B47C} = {16C6F33B-FC18-45CD-84DF-31A53785836E}
		{5D554ADB-960E-48FF-8BD2-88F3B0FDA3F0} = {16C6F33B-FC18-45CD-84DF-31A53785836E}
		{5639A421-4C7C-4204-85BB-DBA20F20BC9E} = {16C6F33B-FC18-45CD-84DF-31A53785836E}
		{201B3AD4-9F2A-4B68-A535-B771EC31FD8C} = {16C6F33B-FC18-45CD-84DF-31A53785836E}
		{7C21CB92-BA24-448D-A7F0-23F85EC2709A} = {16C6F33B-FC18-45CD-84DF-31A53785836E}
		{A41E06F8-20D8-4FE2-8F7E-9E59B2FE3DE4} = {16C6F33B-FC18-45CD-84DF-31A53785836E}
		{FB6FBF54-D7A8-417F-A1D0-0A611B80292C} = {16C6F33B-FC18-45CD-84DF-31A53785836E}
		{64247240-70A6-41AE-8FBD-72D496A6C156} = {16C6F33B-FC18-45CD-84DF-31A53785836E}
		{348944FE-5FA0-4B82-AFA1-3D8E76BE2A04} = {16C6F33B-FC18-45CD-84DF-31A53785836E}
		{03FC124F-EC09-4D8C-8E2E-561E47B851E3} = {16C6F33B-FC18-45CD-84DF-31A53785836E}
		{879B1E29-F4B5-425F-B975-3B89A385F616} = {95161BDD-055C-4829-AE19-4DA74BF39E46}
		{BAE06E62-A313-4AF1-AB99-723B51183F2F} = {69568214-FE07-4E50-903D-858176D06E2C}
		{3DFE5A94-0A18-402E-A7E5-020EBBF9DE94} = {69568214-FE07-4E50-903D-858176D06E2C}
		{81D2EAFE-09A8-4819-BECD-2A7540FB7D07} = {69568214-FE07-4E50-903D-858176D06E2C}
		{C25AD831-5D9D-405A-BE2F-F3CC979C5BA9} = {69568214-FE07-4E50-903D-858176D06E2C}
		{B9130D99-3C33-405D-A5BF-99CC77A95F44} = {69568214-FE07-4E50-903D-858176D06E2C}
		{7FD6413F-82D6-43AE-9FE6-6E0F51366B4B} = {69568214-FE07-4E50-903D-858176D06E2C}
		{C60FC532-3E17-4FCA-9113-CA63E562D4A1} = {69568214-FE07-4E50-903D-858176D06E2C}
		{DD692DBF-8868-4CE4-82E3-F2A8317A3F6D} = {69568214-FE07-4E50-903D-858176D06E2C}
		{77117628-CC1C-46EE-B4DD-3FA1C5D53709} = {69568214-FE07-4E50-903D-858176D06E2C}
		{77F6985A-A3CE-4B41-9D38-7AE52DF286A3} = {69568214-FE07-4E50-903D-858176D06E2C}
	EndGlobalSection
EndGlobal
